// !$*UTF8*$!
{
	archiveVersion = 1;
	classes = {
	};
	objectVersion = 76;
	objects = {

/* Begin PBXBuildFile section */
		080EDEFB21B6DA7E00813479 /* EssentialFeed.framework in Frameworks */ = {isa = PBXBuildFile; fileRef = 080EDEF121B6DA7E00813479 /* EssentialFeed.framework */; };
		080EDF0C21B6DAE800813479 /* FeedImage.swift in Sources */ = {isa = PBXBuildFile; fileRef = 080EDF0B21B6DAE800813479 /* FeedImage.swift */; };
		080EDF0E21B6DCB600813479 /* FeedLoader.swift in Sources */ = {isa = PBXBuildFile; fileRef = 080EDF0D21B6DCB600813479 /* FeedLoader.swift */; };
		082DB86421F763F900A71F69 /* URLSessionHTTPClientTests.swift in Sources */ = {isa = PBXBuildFile; fileRef = 082DB86321F763F900A71F69 /* URLSessionHTTPClientTests.swift */; };
		0844768F21FCB24E00439BE9 /* XCTestCase+MemoryLeakTracking.swift in Sources */ = {isa = PBXBuildFile; fileRef = 0844768E21FCB24E00439BE9 /* XCTestCase+MemoryLeakTracking.swift */; };
		0844769121FCBE7D00439BE9 /* URLSessionHTTPClient.swift in Sources */ = {isa = PBXBuildFile; fileRef = 0844769021FCBE7D00439BE9 /* URLSessionHTTPClient.swift */; };
		0845C25E22035FBD003C5EF1 /* XCTestCase+MemoryLeakTracking.swift in Sources */ = {isa = PBXBuildFile; fileRef = 0844768E21FCB24E00439BE9 /* XCTestCase+MemoryLeakTracking.swift */; };
		0899395F220359C50031B03D /* EssentialFeedAPIEndToEndTests.swift in Sources */ = {isa = PBXBuildFile; fileRef = 0899395E220359C50031B03D /* EssentialFeedAPIEndToEndTests.swift */; };
		08993961220359C50031B03D /* EssentialFeed.framework in Frameworks */ = {isa = PBXBuildFile; fileRef = 080EDEF121B6DA7E00813479 /* EssentialFeed.framework */; };
		08B42EA421C3F09A00DDA349 /* RemoteFeedLoader.swift in Sources */ = {isa = PBXBuildFile; fileRef = 08B42EA321C3F09A00DDA349 /* RemoteFeedLoader.swift */; };
		08C0880C21E4EED600ACFB30 /* HTTPClient.swift in Sources */ = {isa = PBXBuildFile; fileRef = 08C0880B21E4EED600ACFB30 /* HTTPClient.swift */; };
		08C0880E21E4EF2900ACFB30 /* FeedItemsMapper.swift in Sources */ = {isa = PBXBuildFile; fileRef = 08C0880D21E4EF2900ACFB30 /* FeedItemsMapper.swift */; };
		08DDC13A21BEA99E00F490ED /* LoadFeedFromRemoteUseCaseTests.swift in Sources */ = {isa = PBXBuildFile; fileRef = 08DDC13921BEA99E00F490ED /* LoadFeedFromRemoteUseCaseTests.swift */; };
		18176D232E94493B000E2E7A /* CoreDataHelpers.swift in Sources */ = {isa = PBXBuildFile; fileRef = 18176D222E94493B000E2E7A /* CoreDataHelpers.swift */; };
		18176D252E9449B2000E2E7A /* ManagedCache.swift in Sources */ = {isa = PBXBuildFile; fileRef = 18176D242E9449B2000E2E7A /* ManagedCache.swift */; };
		18176D272E9449BC000E2E7A /* ManagedFeedImage.swift in Sources */ = {isa = PBXBuildFile; fileRef = 18176D262E9449BC000E2E7A /* ManagedFeedImage.swift */; };
		18176D322E954D61000E2E7A /* EssentialFeed.framework in Frameworks */ = {isa = PBXBuildFile; fileRef = 080EDEF121B6DA7E00813479 /* EssentialFeed.framework */; };
		18176D392E97F4B7000E2E7A /* XCTestCase+MemoryLeakTracking.swift in Sources */ = {isa = PBXBuildFile; fileRef = 0844768E21FCB24E00439BE9 /* XCTestCase+MemoryLeakTracking.swift */; };
		18176D3A2E98392A000E2E7A /* SharedTestHelpers.swift in Sources */ = {isa = PBXBuildFile; fileRef = 187C26A72E8B162A00201400 /* SharedTestHelpers.swift */; };
		18176D3B2E98393E000E2E7A /* FeedCacheTestHelpers.swift in Sources */ = {isa = PBXBuildFile; fileRef = 187C26A12E8B14FC00201400 /* FeedCacheTestHelpers.swift */; };
		183FB2D72E8444B30010D431 /* LocalFeedLoader.swift in Sources */ = {isa = PBXBuildFile; fileRef = 183FB2D62E8444B30010D431 /* LocalFeedLoader.swift */; };
		183FB2D92E8445630010D431 /* FeedStore.swift in Sources */ = {isa = PBXBuildFile; fileRef = 183FB2D82E8445630010D431 /* FeedStore.swift */; };
		183FB2DB2E859CC70010D431 /* RemoteFeedItem.swift in Sources */ = {isa = PBXBuildFile; fileRef = 183FB2DA2E859CC70010D431 /* RemoteFeedItem.swift */; };
		183FB2DD2E859CF40010D431 /* LocalFeedImage.swift in Sources */ = {isa = PBXBuildFile; fileRef = 183FB2DC2E859CF40010D431 /* LocalFeedImage.swift */; };
		183FB2DF2E85BABC0010D431 /* LoadFeedFromCacheUseCaseTests.swift in Sources */ = {isa = PBXBuildFile; fileRef = 183FB2DE2E85BABC0010D431 /* LoadFeedFromCacheUseCaseTests.swift */; };
		183FB2E12E85CFAA0010D431 /* FeedStoreSpy.swift in Sources */ = {isa = PBXBuildFile; fileRef = 183FB2E02E85CFAA0010D431 /* FeedStoreSpy.swift */; };
		183FB2E22E85CFAA0010D431 /* FeedStoreSpy.swift in Sources */ = {isa = PBXBuildFile; fileRef = 183FB2E02E85CFAA0010D431 /* FeedStoreSpy.swift */; };
		187C26A02E8B0B6A00201400 /* ValidateFeedCacheUseCaseTests.swift in Sources */ = {isa = PBXBuildFile; fileRef = 187C269F2E8B0B6A00201400 /* ValidateFeedCacheUseCaseTests.swift */; };
		187C26A22E8B14FC00201400 /* FeedCacheTestHelpers.swift in Sources */ = {isa = PBXBuildFile; fileRef = 187C26A12E8B14FC00201400 /* FeedCacheTestHelpers.swift */; };
		187C26A32E8B14FC00201400 /* FeedCacheTestHelpers.swift in Sources */ = {isa = PBXBuildFile; fileRef = 187C26A12E8B14FC00201400 /* FeedCacheTestHelpers.swift */; };
		187C26A82E8B162A00201400 /* SharedTestHelpers.swift in Sources */ = {isa = PBXBuildFile; fileRef = 187C26A72E8B162A00201400 /* SharedTestHelpers.swift */; };
		187C26A92E8B162A00201400 /* SharedTestHelpers.swift in Sources */ = {isa = PBXBuildFile; fileRef = 187C26A72E8B162A00201400 /* SharedTestHelpers.swift */; };
		187C26AB2E8C275C00201400 /* FeedCachePolicy.swift in Sources */ = {isa = PBXBuildFile; fileRef = 187C26AA2E8C275C00201400 /* FeedCachePolicy.swift */; };
		187C26AD2E8C601E00201400 /* CodableFeedStoreTests.swift in Sources */ = {isa = PBXBuildFile; fileRef = 187C26AC2E8C601E00201400 /* CodableFeedStoreTests.swift */; };
		187C26AF2E8EC80C00201400 /* CodableFeedStore.swift in Sources */ = {isa = PBXBuildFile; fileRef = 187C26AE2E8EC80C00201400 /* CodableFeedStore.swift */; };
		18CF9ADF2E6F6E46001E37F3 /* CacheFeedUseCaseTests.swift in Sources */ = {isa = PBXBuildFile; fileRef = 18CF9ADE2E6F6E3D001E37F3 /* CacheFeedUseCaseTests.swift */; };
		18D5DD202EA28F5500F0D19D /* EssentialFeediOS.framework in Frameworks */ = {isa = PBXBuildFile; fileRef = 18D5DD152EA28F5400F0D19D /* EssentialFeediOS.framework */; };
		18DE521B2EA7C6AC00D96979 /* EssentialFeed.framework in Frameworks */ = {isa = PBXBuildFile; fileRef = 080EDEF121B6DA7E00813479 /* EssentialFeed.framework */; };
		18DE521C2EA7C6AC00D96979 /* EssentialFeed.framework in Embed Frameworks */ = {isa = PBXBuildFile; fileRef = 080EDEF121B6DA7E00813479 /* EssentialFeed.framework */; settings = {ATTRIBUTES = (CodeSignOnCopy, RemoveHeadersOnCopy, ); }; };
		18DE52202EA7C77700D96979 /* XCTestCase+MemoryLeakTracking.swift in Sources */ = {isa = PBXBuildFile; fileRef = 0844768E21FCB24E00439BE9 /* XCTestCase+MemoryLeakTracking.swift */; };
		18E7A73B2E90047C001BA830 /* FeedStoreSpecs.swift in Sources */ = {isa = PBXBuildFile; fileRef = 18E7A73A2E90047C001BA830 /* FeedStoreSpecs.swift */; };
		18E7A73D2E90054C001BA830 /* XCTestCase+feedStoreSpecs.swift in Sources */ = {isa = PBXBuildFile; fileRef = 18E7A73C2E90054C001BA830 /* XCTestCase+feedStoreSpecs.swift */; };
		18E7A7412E900F2C001BA830 /* XCTestCase+FailableRetrieveFeedStoreSpecs.swift in Sources */ = {isa = PBXBuildFile; fileRef = 18E7A7402E900F2C001BA830 /* XCTestCase+FailableRetrieveFeedStoreSpecs.swift */; };
		18E7A7432E900FAB001BA830 /* XCTestCase+FailableInsertFeedStoreSpecs.swift in Sources */ = {isa = PBXBuildFile; fileRef = 18E7A7422E900FAB001BA830 /* XCTestCase+FailableInsertFeedStoreSpecs.swift */; };
		18E7A7452E901060001BA830 /* XCTestCase+FailableDeleteFeedStoreSpecs.swift in Sources */ = {isa = PBXBuildFile; fileRef = 18E7A7442E901060001BA830 /* XCTestCase+FailableDeleteFeedStoreSpecs.swift */; };
		18E7A7482E904ADA001BA830 /* CoreDataFeedStoreTests.swift in Sources */ = {isa = PBXBuildFile; fileRef = 18E7A7472E904ADA001BA830 /* CoreDataFeedStoreTests.swift */; };
		18E7A74B2E904BE3001BA830 /* CoreDataFeedStore.swift in Sources */ = {isa = PBXBuildFile; fileRef = 18E7A7492E904B95001BA830 /* CoreDataFeedStore.swift */; };
		18FEF15D2E93FD670013046E /* FeedStore.xcdatamodeld in Sources */ = {isa = PBXBuildFile; fileRef = 18FEF15B2E93FD670013046E /* FeedStore.xcdatamodeld */; };
/* End PBXBuildFile section */

/* Begin PBXContainerItemProxy section */
		080EDEFC21B6DA7E00813479 /* PBXContainerItemProxy */ = {
			isa = PBXContainerItemProxy;
			containerPortal = 080EDEE821B6DA7E00813479 /* Project object */;
			proxyType = 1;
			remoteGlobalIDString = 080EDEF021B6DA7E00813479;
			remoteInfo = EssentialFeed;
		};
		08993962220359C50031B03D /* PBXContainerItemProxy */ = {
			isa = PBXContainerItemProxy;
			containerPortal = 080EDEE821B6DA7E00813479 /* Project object */;
			proxyType = 1;
			remoteGlobalIDString = 080EDEF021B6DA7E00813479;
			remoteInfo = EssentialFeed;
		};
		18176D332E954D61000E2E7A /* PBXContainerItemProxy */ = {
			isa = PBXContainerItemProxy;
			containerPortal = 080EDEE821B6DA7E00813479 /* Project object */;
			proxyType = 1;
			remoteGlobalIDString = 080EDEF021B6DA7E00813479;
			remoteInfo = EssentialFeed;
		};
		18D5DD212EA28F5500F0D19D /* PBXContainerItemProxy */ = {
			isa = PBXContainerItemProxy;
			containerPortal = 080EDEE821B6DA7E00813479 /* Project object */;
			proxyType = 1;
			remoteGlobalIDString = 18D5DD142EA28F5300F0D19D;
			remoteInfo = EssentialFeediOS;
		};
		18DE521D2EA7C6AC00D96979 /* PBXContainerItemProxy */ = {
			isa = PBXContainerItemProxy;
			containerPortal = 080EDEE821B6DA7E00813479 /* Project object */;
			proxyType = 1;
			remoteGlobalIDString = 080EDEF021B6DA7E00813479;
			remoteInfo = EssentialFeed;
		};
/* End PBXContainerItemProxy section */

/* Begin PBXCopyFilesBuildPhase section */
		18DE521F2EA7C6AC00D96979 /* Embed Frameworks */ = {
			isa = PBXCopyFilesBuildPhase;
			buildActionMask = 2147483647;
			dstPath = "";
			dstSubfolderSpec = 10;
			files = (
				18DE521C2EA7C6AC00D96979 /* EssentialFeed.framework in Embed Frameworks */,
			);
			name = "Embed Frameworks";
			runOnlyForDeploymentPostprocessing = 0;
		};
/* End PBXCopyFilesBuildPhase section */

/* Begin PBXFileReference section */
		080EDEF121B6DA7E00813479 /* EssentialFeed.framework */ = {isa = PBXFileReference; explicitFileType = wrapper.framework; includeInIndex = 0; path = EssentialFeed.framework; sourceTree = BUILT_PRODUCTS_DIR; };
		080EDEF521B6DA7E00813479 /* Info.plist */ = {isa = PBXFileReference; lastKnownFileType = text.plist.xml; path = Info.plist; sourceTree = "<group>"; };
		080EDEFA21B6DA7E00813479 /* EssentialFeedTests.xctest */ = {isa = PBXFileReference; explicitFileType = wrapper.cfbundle; includeInIndex = 0; path = EssentialFeedTests.xctest; sourceTree = BUILT_PRODUCTS_DIR; };
		080EDF0121B6DA7E00813479 /* Info.plist */ = {isa = PBXFileReference; lastKnownFileType = text.plist.xml; path = Info.plist; sourceTree = "<group>"; };
		080EDF0B21B6DAE800813479 /* FeedImage.swift */ = {isa = PBXFileReference; lastKnownFileType = sourcecode.swift; path = FeedImage.swift; sourceTree = "<group>"; };
		080EDF0D21B6DCB600813479 /* FeedLoader.swift */ = {isa = PBXFileReference; lastKnownFileType = sourcecode.swift; path = FeedLoader.swift; sourceTree = "<group>"; };
		082DB86321F763F900A71F69 /* URLSessionHTTPClientTests.swift */ = {isa = PBXFileReference; lastKnownFileType = sourcecode.swift; path = URLSessionHTTPClientTests.swift; sourceTree = "<group>"; };
		0844768E21FCB24E00439BE9 /* XCTestCase+MemoryLeakTracking.swift */ = {isa = PBXFileReference; lastKnownFileType = sourcecode.swift; path = "XCTestCase+MemoryLeakTracking.swift"; sourceTree = "<group>"; };
		0844769021FCBE7D00439BE9 /* URLSessionHTTPClient.swift */ = {isa = PBXFileReference; lastKnownFileType = sourcecode.swift; path = URLSessionHTTPClient.swift; sourceTree = "<group>"; };
		0899395C220359C50031B03D /* EssentialFeedAPIEndToEndTests.xctest */ = {isa = PBXFileReference; explicitFileType = wrapper.cfbundle; includeInIndex = 0; path = EssentialFeedAPIEndToEndTests.xctest; sourceTree = BUILT_PRODUCTS_DIR; };
		0899395E220359C50031B03D /* EssentialFeedAPIEndToEndTests.swift */ = {isa = PBXFileReference; lastKnownFileType = sourcecode.swift; path = EssentialFeedAPIEndToEndTests.swift; sourceTree = "<group>"; };
		08993960220359C50031B03D /* Info.plist */ = {isa = PBXFileReference; lastKnownFileType = text.plist.xml; path = Info.plist; sourceTree = "<group>"; };
		08B42EA321C3F09A00DDA349 /* RemoteFeedLoader.swift */ = {isa = PBXFileReference; lastKnownFileType = sourcecode.swift; path = RemoteFeedLoader.swift; sourceTree = "<group>"; };
		08C0880B21E4EED600ACFB30 /* HTTPClient.swift */ = {isa = PBXFileReference; lastKnownFileType = sourcecode.swift; path = HTTPClient.swift; sourceTree = "<group>"; };
		08C0880D21E4EF2900ACFB30 /* FeedItemsMapper.swift */ = {isa = PBXFileReference; lastKnownFileType = sourcecode.swift; path = FeedItemsMapper.swift; sourceTree = "<group>"; };
		08DDC13921BEA99E00F490ED /* LoadFeedFromRemoteUseCaseTests.swift */ = {isa = PBXFileReference; lastKnownFileType = sourcecode.swift; path = LoadFeedFromRemoteUseCaseTests.swift; sourceTree = "<group>"; };
		18176D222E94493B000E2E7A /* CoreDataHelpers.swift */ = {isa = PBXFileReference; lastKnownFileType = sourcecode.swift; path = CoreDataHelpers.swift; sourceTree = "<group>"; };
		18176D242E9449B2000E2E7A /* ManagedCache.swift */ = {isa = PBXFileReference; lastKnownFileType = sourcecode.swift; path = ManagedCache.swift; sourceTree = "<group>"; };
		18176D262E9449BC000E2E7A /* ManagedFeedImage.swift */ = {isa = PBXFileReference; lastKnownFileType = sourcecode.swift; path = ManagedFeedImage.swift; sourceTree = "<group>"; };
		18176D2E2E954D61000E2E7A /* EssentialFeedCacheIntegrationTests.xctest */ = {isa = PBXFileReference; explicitFileType = wrapper.cfbundle; includeInIndex = 0; path = EssentialFeedCacheIntegrationTests.xctest; sourceTree = BUILT_PRODUCTS_DIR; };
		18176D382E954D95000E2E7A /* EssentialFeedCacheIntegrationTests.xctestplan */ = {isa = PBXFileReference; lastKnownFileType = text; path = EssentialFeedCacheIntegrationTests.xctestplan; sourceTree = "<group>"; };
		183FB2D62E8444B30010D431 /* LocalFeedLoader.swift */ = {isa = PBXFileReference; lastKnownFileType = sourcecode.swift; path = LocalFeedLoader.swift; sourceTree = "<group>"; };
		183FB2D82E8445630010D431 /* FeedStore.swift */ = {isa = PBXFileReference; lastKnownFileType = sourcecode.swift; path = FeedStore.swift; sourceTree = "<group>"; };
		183FB2DA2E859CC70010D431 /* RemoteFeedItem.swift */ = {isa = PBXFileReference; lastKnownFileType = sourcecode.swift; path = RemoteFeedItem.swift; sourceTree = "<group>"; };
		183FB2DC2E859CF40010D431 /* LocalFeedImage.swift */ = {isa = PBXFileReference; lastKnownFileType = sourcecode.swift; path = LocalFeedImage.swift; sourceTree = "<group>"; };
		183FB2DE2E85BABC0010D431 /* LoadFeedFromCacheUseCaseTests.swift */ = {isa = PBXFileReference; lastKnownFileType = sourcecode.swift; path = LoadFeedFromCacheUseCaseTests.swift; sourceTree = "<group>"; };
		183FB2E02E85CFAA0010D431 /* FeedStoreSpy.swift */ = {isa = PBXFileReference; lastKnownFileType = sourcecode.swift; path = FeedStoreSpy.swift; sourceTree = "<group>"; };
		187C269F2E8B0B6A00201400 /* ValidateFeedCacheUseCaseTests.swift */ = {isa = PBXFileReference; lastKnownFileType = sourcecode.swift; path = ValidateFeedCacheUseCaseTests.swift; sourceTree = "<group>"; };
		187C26A12E8B14FC00201400 /* FeedCacheTestHelpers.swift */ = {isa = PBXFileReference; lastKnownFileType = sourcecode.swift; path = FeedCacheTestHelpers.swift; sourceTree = "<group>"; };
		187C26A72E8B162A00201400 /* SharedTestHelpers.swift */ = {isa = PBXFileReference; lastKnownFileType = sourcecode.swift; path = SharedTestHelpers.swift; sourceTree = "<group>"; };
		187C26AA2E8C275C00201400 /* FeedCachePolicy.swift */ = {isa = PBXFileReference; lastKnownFileType = sourcecode.swift; path = FeedCachePolicy.swift; sourceTree = "<group>"; };
		187C26AC2E8C601E00201400 /* CodableFeedStoreTests.swift */ = {isa = PBXFileReference; lastKnownFileType = sourcecode.swift; path = CodableFeedStoreTests.swift; sourceTree = "<group>"; };
		187C26AE2E8EC80C00201400 /* CodableFeedStore.swift */ = {isa = PBXFileReference; lastKnownFileType = sourcecode.swift; path = CodableFeedStore.swift; sourceTree = "<group>"; };
		18CF9ADE2E6F6E3D001E37F3 /* CacheFeedUseCaseTests.swift */ = {isa = PBXFileReference; lastKnownFileType = sourcecode.swift; path = CacheFeedUseCaseTests.swift; sourceTree = "<group>"; };
		18D5DD0F2EA28B4500F0D19D /* EssentialFeedAPIEndToEndTests.xctestplan */ = {isa = PBXFileReference; lastKnownFileType = text; path = EssentialFeedAPIEndToEndTests.xctestplan; sourceTree = "<group>"; };
		18D5DD152EA28F5400F0D19D /* EssentialFeediOS.framework */ = {isa = PBXFileReference; explicitFileType = wrapper.framework; includeInIndex = 0; path = EssentialFeediOS.framework; sourceTree = BUILT_PRODUCTS_DIR; };
		18D5DD1F2EA28F5500F0D19D /* EssentialFeediOSTests.xctest */ = {isa = PBXFileReference; explicitFileType = wrapper.cfbundle; includeInIndex = 0; path = EssentialFeediOSTests.xctest; sourceTree = BUILT_PRODUCTS_DIR; };
		18E7A73A2E90047C001BA830 /* FeedStoreSpecs.swift */ = {isa = PBXFileReference; lastKnownFileType = sourcecode.swift; path = FeedStoreSpecs.swift; sourceTree = "<group>"; };
		18E7A73C2E90054C001BA830 /* XCTestCase+feedStoreSpecs.swift */ = {isa = PBXFileReference; lastKnownFileType = sourcecode.swift; path = "XCTestCase+feedStoreSpecs.swift"; sourceTree = "<group>"; };
		18E7A7402E900F2C001BA830 /* XCTestCase+FailableRetrieveFeedStoreSpecs.swift */ = {isa = PBXFileReference; lastKnownFileType = sourcecode.swift; path = "XCTestCase+FailableRetrieveFeedStoreSpecs.swift"; sourceTree = "<group>"; };
		18E7A7422E900FAB001BA830 /* XCTestCase+FailableInsertFeedStoreSpecs.swift */ = {isa = PBXFileReference; lastKnownFileType = sourcecode.swift; path = "XCTestCase+FailableInsertFeedStoreSpecs.swift"; sourceTree = "<group>"; };
		18E7A7442E901060001BA830 /* XCTestCase+FailableDeleteFeedStoreSpecs.swift */ = {isa = PBXFileReference; lastKnownFileType = sourcecode.swift; path = "XCTestCase+FailableDeleteFeedStoreSpecs.swift"; sourceTree = "<group>"; };
		18E7A7472E904ADA001BA830 /* CoreDataFeedStoreTests.swift */ = {isa = PBXFileReference; lastKnownFileType = sourcecode.swift; path = CoreDataFeedStoreTests.swift; sourceTree = "<group>"; };
		18E7A7492E904B95001BA830 /* CoreDataFeedStore.swift */ = {isa = PBXFileReference; lastKnownFileType = sourcecode.swift; path = CoreDataFeedStore.swift; sourceTree = "<group>"; };
		18FEF15C2E93FD670013046E /* FeedStore.xcdatamodel */ = {isa = PBXFileReference; lastKnownFileType = wrapper.xcdatamodel; path = FeedStore.xcdatamodel; sourceTree = "<group>"; };
/* End PBXFileReference section */

/* Begin PBXFileSystemSynchronizedBuildFileExceptionSet section */
		180ABF8B2EB4FB980022D7BA /* PBXFileSystemSynchronizedBuildFileExceptionSet */ = {
			isa = PBXFileSystemSynchronizedBuildFileExceptionSet;
			membershipExceptions = (
				"/Localized/Feed Presentation/Feed.strings",
				"Feed Image Loader/FeedImageDataLoader.swift",
				"Feed Presentation/FeedImagePresenter.swift",
				"Feed Presentation/FeedImageViewModel.swift",
				"Feed Presentation/FeedLoadingViewModel.swift",
				"Feed Presentation/FeedPresenter.swift",
				"Feed Presentation/FeedViewModel.swift",
				"Feed UI/Composer/FeedUIComposer.swift",
				"Feed UI/Controllers/FeedImageCellController.swift",
				"Feed UI/Controllers/FeedViewController.swift",
				"Feed UI/Views/Feed.storyboard",
				"Feed UI/Views/Feed.xcassets",
				"Feed UI/Views/FeedImageCell.swift",
				"Feed UI/Views/UIImageView+Animations.swift",
				"Feed UI/Views/UITableView+Dequeueing.swift",
				"Feed UI/Views/UIView+Shimmering.swift",
			);
			target = 18D5DD1E2EA28F5500F0D19D /* EssentialFeediOSTests */;
		};
/* End PBXFileSystemSynchronizedBuildFileExceptionSet section */

/* Begin PBXFileSystemSynchronizedRootGroup section */
		18176D2F2E954D61000E2E7A /* EssentialFeedCacheIntegrationTests */ = {isa = PBXFileSystemSynchronizedRootGroup; explicitFileTypes = {}; explicitFolders = (); path = EssentialFeedCacheIntegrationTests; sourceTree = "<group>"; };
		18D5DD162EA28F5400F0D19D /* EssentialFeediOS */ = {isa = PBXFileSystemSynchronizedRootGroup; exceptions = (180ABF8B2EB4FB980022D7BA /* PBXFileSystemSynchronizedBuildFileExceptionSet */, ); explicitFileTypes = {}; explicitFolders = (); path = EssentialFeediOS; sourceTree = "<group>"; };
		18D5DD232EA28F5500F0D19D /* EssentialFeediOSTests */ = {isa = PBXFileSystemSynchronizedRootGroup; explicitFileTypes = {}; explicitFolders = (); path = EssentialFeediOSTests; sourceTree = "<group>"; };
/* End PBXFileSystemSynchronizedRootGroup section */

/* Begin PBXFrameworksBuildPhase section */
		080EDEEE21B6DA7E00813479 /* Frameworks */ = {
			isa = PBXFrameworksBuildPhase;
			buildActionMask = 2147483647;
			files = (
			);
			runOnlyForDeploymentPostprocessing = 0;
		};
		080EDEF721B6DA7E00813479 /* Frameworks */ = {
			isa = PBXFrameworksBuildPhase;
			buildActionMask = 2147483647;
			files = (
				080EDEFB21B6DA7E00813479 /* EssentialFeed.framework in Frameworks */,
			);
			runOnlyForDeploymentPostprocessing = 0;
		};
		08993959220359C50031B03D /* Frameworks */ = {
			isa = PBXFrameworksBuildPhase;
			buildActionMask = 2147483647;
			files = (
				08993961220359C50031B03D /* EssentialFeed.framework in Frameworks */,
			);
			runOnlyForDeploymentPostprocessing = 0;
		};
		18176D2B2E954D61000E2E7A /* Frameworks */ = {
			isa = PBXFrameworksBuildPhase;
			buildActionMask = 2147483647;
			files = (
				18176D322E954D61000E2E7A /* EssentialFeed.framework in Frameworks */,
			);
			runOnlyForDeploymentPostprocessing = 0;
		};
		18D5DD122EA28F5300F0D19D /* Frameworks */ = {
			isa = PBXFrameworksBuildPhase;
			buildActionMask = 2147483647;
			files = (
				18DE521B2EA7C6AC00D96979 /* EssentialFeed.framework in Frameworks */,
			);
			runOnlyForDeploymentPostprocessing = 0;
		};
		18D5DD1C2EA28F5500F0D19D /* Frameworks */ = {
			isa = PBXFrameworksBuildPhase;
			buildActionMask = 2147483647;
			files = (
				18D5DD202EA28F5500F0D19D /* EssentialFeediOS.framework in Frameworks */,
			);
			runOnlyForDeploymentPostprocessing = 0;
		};
/* End PBXFrameworksBuildPhase section */

/* Begin PBXGroup section */
		080EDEE721B6DA7E00813479 = {
			isa = PBXGroup;
			children = (
				18D5DD0F2EA28B4500F0D19D /* EssentialFeedAPIEndToEndTests.xctestplan */,
				18176D382E954D95000E2E7A /* EssentialFeedCacheIntegrationTests.xctestplan */,
				080EDEF321B6DA7E00813479 /* EssentialFeed */,
				18D5DD162EA28F5400F0D19D /* EssentialFeediOS */,
				080EDEFE21B6DA7E00813479 /* EssentialFeedTests */,
				0899395D220359C50031B03D /* EssentialFeedAPIEndToEndTests */,
				18176D2F2E954D61000E2E7A /* EssentialFeedCacheIntegrationTests */,
				18D5DD232EA28F5500F0D19D /* EssentialFeediOSTests */,
				18DE521A2EA7C6AC00D96979 /* Frameworks */,
				080EDEF221B6DA7E00813479 /* Products */,
			);
			sourceTree = "<group>";
		};
		080EDEF221B6DA7E00813479 /* Products */ = {
			isa = PBXGroup;
			children = (
				080EDEF121B6DA7E00813479 /* EssentialFeed.framework */,
				080EDEFA21B6DA7E00813479 /* EssentialFeedTests.xctest */,
				0899395C220359C50031B03D /* EssentialFeedAPIEndToEndTests.xctest */,
				18176D2E2E954D61000E2E7A /* EssentialFeedCacheIntegrationTests.xctest */,
				18D5DD152EA28F5400F0D19D /* EssentialFeediOS.framework */,
				18D5DD1F2EA28F5500F0D19D /* EssentialFeediOSTests.xctest */,
			);
			name = Products;
			sourceTree = "<group>";
		};
		080EDEF321B6DA7E00813479 /* EssentialFeed */ = {
			isa = PBXGroup;
			children = (
				080EDEF521B6DA7E00813479 /* Info.plist */,
				183FB2D52E8444970010D431 /* FeedCache */,
				080EDF1021B6DFA200813479 /* Feed Feature */,
				08B42EA221C3F08A00DDA349 /* Feed API */,
			);
			path = EssentialFeed;
			sourceTree = "<group>";
		};
		080EDEFE21B6DA7E00813479 /* EssentialFeedTests */ = {
			isa = PBXGroup;
			children = (
				0844768D21FCB23900439BE9 /* Helpers */,
				18CF9ADD2E6F6E2B001E37F3 /* FeedCache */,
				080EDF0121B6DA7E00813479 /* Info.plist */,
				08C0880F21E4F53000ACFB30 /* Feed API */,
			);
			path = EssentialFeedTests;
			sourceTree = "<group>";
		};
		080EDF1021B6DFA200813479 /* Feed Feature */ = {
			isa = PBXGroup;
			children = (
				080EDF0B21B6DAE800813479 /* FeedImage.swift */,
				080EDF0D21B6DCB600813479 /* FeedLoader.swift */,
			);
			path = "Feed Feature";
			sourceTree = "<group>";
		};
		0844768D21FCB23900439BE9 /* Helpers */ = {
			isa = PBXGroup;
			children = (
				0844768E21FCB24E00439BE9 /* XCTestCase+MemoryLeakTracking.swift */,
				187C26A72E8B162A00201400 /* SharedTestHelpers.swift */,
			);
			path = Helpers;
			sourceTree = "<group>";
		};
		0899395D220359C50031B03D /* EssentialFeedAPIEndToEndTests */ = {
			isa = PBXGroup;
			children = (
				0899395E220359C50031B03D /* EssentialFeedAPIEndToEndTests.swift */,
				08993960220359C50031B03D /* Info.plist */,
			);
			path = EssentialFeedAPIEndToEndTests;
			sourceTree = "<group>";
		};
		08B42EA221C3F08A00DDA349 /* Feed API */ = {
			isa = PBXGroup;
			children = (
				183FB2DA2E859CC70010D431 /* RemoteFeedItem.swift */,
				08B42EA321C3F09A00DDA349 /* RemoteFeedLoader.swift */,
				08C0880D21E4EF2900ACFB30 /* FeedItemsMapper.swift */,
				08C0880B21E4EED600ACFB30 /* HTTPClient.swift */,
				0844769021FCBE7D00439BE9 /* URLSessionHTTPClient.swift */,
			);
			path = "Feed API";
			sourceTree = "<group>";
		};
		08C0880F21E4F53000ACFB30 /* Feed API */ = {
			isa = PBXGroup;
			children = (
				08DDC13921BEA99E00F490ED /* LoadFeedFromRemoteUseCaseTests.swift */,
				082DB86321F763F900A71F69 /* URLSessionHTTPClientTests.swift */,
			);
			path = "Feed API";
			sourceTree = "<group>";
		};
		18176D1F2E94486C000E2E7A /* Infrastructure */ = {
			isa = PBXGroup;
			children = (
				18176D212E9448D7000E2E7A /* Codable */,
				18176D202E94488B000E2E7A /* CoreData */,
			);
			path = Infrastructure;
			sourceTree = "<group>";
		};
		18176D202E94488B000E2E7A /* CoreData */ = {
			isa = PBXGroup;
			children = (
				18176D262E9449BC000E2E7A /* ManagedFeedImage.swift */,
				18176D242E9449B2000E2E7A /* ManagedCache.swift */,
				18FEF15B2E93FD670013046E /* FeedStore.xcdatamodeld */,
				18E7A7492E904B95001BA830 /* CoreDataFeedStore.swift */,
				18176D222E94493B000E2E7A /* CoreDataHelpers.swift */,
			);
			path = CoreData;
			sourceTree = "<group>";
		};
		18176D212E9448D7000E2E7A /* Codable */ = {
			isa = PBXGroup;
			children = (
				187C26AE2E8EC80C00201400 /* CodableFeedStore.swift */,
			);
			path = Codable;
			sourceTree = "<group>";
		};
		183FB2D52E8444970010D431 /* FeedCache */ = {
			isa = PBXGroup;
			children = (
				18176D1F2E94486C000E2E7A /* Infrastructure */,
				187C26AA2E8C275C00201400 /* FeedCachePolicy.swift */,
				183FB2DC2E859CF40010D431 /* LocalFeedImage.swift */,
				183FB2D82E8445630010D431 /* FeedStore.swift */,
				183FB2D62E8444B30010D431 /* LocalFeedLoader.swift */,
			);
			path = FeedCache;
			sourceTree = "<group>";
		};
		183FB2E32E86CE7A0010D431 /* Helpers */ = {
			isa = PBXGroup;
			children = (
				183FB2E02E85CFAA0010D431 /* FeedStoreSpy.swift */,
				187C26A12E8B14FC00201400 /* FeedCacheTestHelpers.swift */,
			);
			path = Helpers;
			sourceTree = "<group>";
		};
		18CF9ADD2E6F6E2B001E37F3 /* FeedCache */ = {
			isa = PBXGroup;
			children = (
				18E7A7462E901794001BA830 /* FeedStoreSpecs */,
				183FB2E32E86CE7A0010D431 /* Helpers */,
				18CF9ADE2E6F6E3D001E37F3 /* CacheFeedUseCaseTests.swift */,
				183FB2DE2E85BABC0010D431 /* LoadFeedFromCacheUseCaseTests.swift */,
				187C269F2E8B0B6A00201400 /* ValidateFeedCacheUseCaseTests.swift */,
				187C26AC2E8C601E00201400 /* CodableFeedStoreTests.swift */,
				18E7A7472E904ADA001BA830 /* CoreDataFeedStoreTests.swift */,
			);
			path = FeedCache;
			sourceTree = "<group>";
		};
		18DE521A2EA7C6AC00D96979 /* Frameworks */ = {
			isa = PBXGroup;
			children = (
			);
			name = Frameworks;
			sourceTree = "<group>";
		};
		18E7A7462E901794001BA830 /* FeedStoreSpecs */ = {
			isa = PBXGroup;
			children = (
				18E7A73A2E90047C001BA830 /* FeedStoreSpecs.swift */,
				18E7A73C2E90054C001BA830 /* XCTestCase+feedStoreSpecs.swift */,
				18E7A7402E900F2C001BA830 /* XCTestCase+FailableRetrieveFeedStoreSpecs.swift */,
				18E7A7422E900FAB001BA830 /* XCTestCase+FailableInsertFeedStoreSpecs.swift */,
				18E7A7442E901060001BA830 /* XCTestCase+FailableDeleteFeedStoreSpecs.swift */,
			);
			path = FeedStoreSpecs;
			sourceTree = "<group>";
		};
/* End PBXGroup section */

/* Begin PBXHeadersBuildPhase section */
		080EDEEC21B6DA7E00813479 /* Headers */ = {
			isa = PBXHeadersBuildPhase;
			buildActionMask = 2147483647;
			files = (
			);
			runOnlyForDeploymentPostprocessing = 0;
		};
		18D5DD102EA28F5300F0D19D /* Headers */ = {
			isa = PBXHeadersBuildPhase;
			buildActionMask = 2147483647;
			files = (
			);
			runOnlyForDeploymentPostprocessing = 0;
		};
/* End PBXHeadersBuildPhase section */

/* Begin PBXNativeTarget section */
		080EDEF021B6DA7E00813479 /* EssentialFeed */ = {
			isa = PBXNativeTarget;
			buildConfigurationList = 080EDF0521B6DA7E00813479 /* Build configuration list for PBXNativeTarget "EssentialFeed" */;
			buildPhases = (
				080EDEEC21B6DA7E00813479 /* Headers */,
				080EDEED21B6DA7E00813479 /* Sources */,
				080EDEEE21B6DA7E00813479 /* Frameworks */,
				080EDEEF21B6DA7E00813479 /* Resources */,
			);
			buildRules = (
			);
			dependencies = (
			);
			name = EssentialFeed;
			productName = EssentialFeed;
			productReference = 080EDEF121B6DA7E00813479 /* EssentialFeed.framework */;
			productType = "com.apple.product-type.framework";
		};
		080EDEF921B6DA7E00813479 /* EssentialFeedTests */ = {
			isa = PBXNativeTarget;
			buildConfigurationList = 080EDF0821B6DA7E00813479 /* Build configuration list for PBXNativeTarget "EssentialFeedTests" */;
			buildPhases = (
				080EDEF621B6DA7E00813479 /* Sources */,
				080EDEF721B6DA7E00813479 /* Frameworks */,
				080EDEF821B6DA7E00813479 /* Resources */,
			);
			buildRules = (
			);
			dependencies = (
				080EDEFD21B6DA7E00813479 /* PBXTargetDependency */,
			);
			name = EssentialFeedTests;
			productName = EssentialFeedTests;
			productReference = 080EDEFA21B6DA7E00813479 /* EssentialFeedTests.xctest */;
			productType = "com.apple.product-type.bundle.unit-test";
		};
		0899395B220359C50031B03D /* EssentialFeedAPIEndToEndTests */ = {
			isa = PBXNativeTarget;
			buildConfigurationList = 08993966220359C50031B03D /* Build configuration list for PBXNativeTarget "EssentialFeedAPIEndToEndTests" */;
			buildPhases = (
				08993958220359C50031B03D /* Sources */,
				08993959220359C50031B03D /* Frameworks */,
				0899395A220359C50031B03D /* Resources */,
			);
			buildRules = (
			);
			dependencies = (
				08993963220359C50031B03D /* PBXTargetDependency */,
			);
			name = EssentialFeedAPIEndToEndTests;
			productName = EssentialFeedAPIEndToEndTests;
			productReference = 0899395C220359C50031B03D /* EssentialFeedAPIEndToEndTests.xctest */;
			productType = "com.apple.product-type.bundle.unit-test";
		};
		18176D2D2E954D61000E2E7A /* EssentialFeedCacheIntegrationTests */ = {
			isa = PBXNativeTarget;
			buildConfigurationList = 18176D372E954D61000E2E7A /* Build configuration list for PBXNativeTarget "EssentialFeedCacheIntegrationTests" */;
			buildPhases = (
				18176D2A2E954D61000E2E7A /* Sources */,
				18176D2B2E954D61000E2E7A /* Frameworks */,
				18176D2C2E954D61000E2E7A /* Resources */,
			);
			buildRules = (
			);
			dependencies = (
				18176D342E954D61000E2E7A /* PBXTargetDependency */,
			);
			fileSystemSynchronizedGroups = (
				18176D2F2E954D61000E2E7A /* EssentialFeedCacheIntegrationTests */,
			);
			name = EssentialFeedCacheIntegrationTests;
			packageProductDependencies = (
			);
			productName = EssentialFeedCacheIntegrationTests;
			productReference = 18176D2E2E954D61000E2E7A /* EssentialFeedCacheIntegrationTests.xctest */;
			productType = "com.apple.product-type.bundle.unit-test";
		};
		18D5DD142EA28F5300F0D19D /* EssentialFeediOS */ = {
			isa = PBXNativeTarget;
			buildConfigurationList = 18D5DD262EA28F5500F0D19D /* Build configuration list for PBXNativeTarget "EssentialFeediOS" */;
			buildPhases = (
				18D5DD102EA28F5300F0D19D /* Headers */,
				18D5DD112EA28F5300F0D19D /* Sources */,
				18D5DD122EA28F5300F0D19D /* Frameworks */,
				18D5DD132EA28F5300F0D19D /* Resources */,
				18DE521F2EA7C6AC00D96979 /* Embed Frameworks */,
			);
			buildRules = (
			);
			dependencies = (
				18DE521E2EA7C6AC00D96979 /* PBXTargetDependency */,
			);
			fileSystemSynchronizedGroups = (
				18D5DD162EA28F5400F0D19D /* EssentialFeediOS */,
			);
			name = EssentialFeediOS;
			packageProductDependencies = (
			);
			productName = EssentialFeediOS;
			productReference = 18D5DD152EA28F5400F0D19D /* EssentialFeediOS.framework */;
			productType = "com.apple.product-type.framework";
		};
		18D5DD1E2EA28F5500F0D19D /* EssentialFeediOSTests */ = {
			isa = PBXNativeTarget;
			buildConfigurationList = 18D5DD292EA28F5500F0D19D /* Build configuration list for PBXNativeTarget "EssentialFeediOSTests" */;
			buildPhases = (
				18D5DD1B2EA28F5500F0D19D /* Sources */,
				18D5DD1C2EA28F5500F0D19D /* Frameworks */,
				18D5DD1D2EA28F5500F0D19D /* Resources */,
			);
			buildRules = (
			);
			dependencies = (
				18D5DD222EA28F5500F0D19D /* PBXTargetDependency */,
			);
			fileSystemSynchronizedGroups = (
				18D5DD232EA28F5500F0D19D /* EssentialFeediOSTests */,
			);
			name = EssentialFeediOSTests;
			packageProductDependencies = (
			);
			productName = EssentialFeediOSTests;
			productReference = 18D5DD1F2EA28F5500F0D19D /* EssentialFeediOSTests.xctest */;
			productType = "com.apple.product-type.bundle.unit-test";
		};
/* End PBXNativeTarget section */

/* Begin PBXProject section */
		080EDEE821B6DA7E00813479 /* Project object */ = {
			isa = PBXProject;
			attributes = {
				BuildIndependentTargetsInParallel = YES;
				LastSwiftUpdateCheck = 2600;
				LastUpgradeCheck = 2610;
				ORGANIZATIONNAME = "Essential Developer";
				TargetAttributes = {
					080EDEF021B6DA7E00813479 = {
						CreatedOnToolsVersion = 10.1;
						LastSwiftMigration = 1010;
					};
					080EDEF921B6DA7E00813479 = {
						CreatedOnToolsVersion = 10.1;
						LastSwiftMigration = 1010;
					};
					0899395B220359C50031B03D = {
						CreatedOnToolsVersion = 10.1;
					};
					18176D2D2E954D61000E2E7A = {
						CreatedOnToolsVersion = 26.0.1;
					};
					18D5DD142EA28F5300F0D19D = {
						CreatedOnToolsVersion = 26.0.1;
					};
					18D5DD1E2EA28F5500F0D19D = {
						CreatedOnToolsVersion = 26.0.1;
					};
				};
			};
			buildConfigurationList = 080EDEEB21B6DA7E00813479 /* Build configuration list for PBXProject "EssentialFeed" */;
			developmentRegion = en;
			hasScannedForEncodings = 0;
			knownRegions = (
				en,
				Base,
			);
			mainGroup = 080EDEE721B6DA7E00813479;
			preferredProjectObjectVersion = 50;
			productRefGroup = 080EDEF221B6DA7E00813479 /* Products */;
			projectDirPath = "";
			projectRoot = "";
			targets = (
				080EDEF021B6DA7E00813479 /* EssentialFeed */,
				080EDEF921B6DA7E00813479 /* EssentialFeedTests */,
				0899395B220359C50031B03D /* EssentialFeedAPIEndToEndTests */,
				18176D2D2E954D61000E2E7A /* EssentialFeedCacheIntegrationTests */,
				18D5DD142EA28F5300F0D19D /* EssentialFeediOS */,
				18D5DD1E2EA28F5500F0D19D /* EssentialFeediOSTests */,
			);
		};
/* End PBXProject section */

/* Begin PBXResourcesBuildPhase section */
		080EDEEF21B6DA7E00813479 /* Resources */ = {
			isa = PBXResourcesBuildPhase;
			buildActionMask = 2147483647;
			files = (
			);
			runOnlyForDeploymentPostprocessing = 0;
		};
		080EDEF821B6DA7E00813479 /* Resources */ = {
			isa = PBXResourcesBuildPhase;
			buildActionMask = 2147483647;
			files = (
			);
			runOnlyForDeploymentPostprocessing = 0;
		};
		0899395A220359C50031B03D /* Resources */ = {
			isa = PBXResourcesBuildPhase;
			buildActionMask = 2147483647;
			files = (
			);
			runOnlyForDeploymentPostprocessing = 0;
		};
		18176D2C2E954D61000E2E7A /* Resources */ = {
			isa = PBXResourcesBuildPhase;
			buildActionMask = 2147483647;
			files = (
			);
			runOnlyForDeploymentPostprocessing = 0;
		};
		18D5DD132EA28F5300F0D19D /* Resources */ = {
			isa = PBXResourcesBuildPhase;
			buildActionMask = 2147483647;
			files = (
			);
			runOnlyForDeploymentPostprocessing = 0;
		};
		18D5DD1D2EA28F5500F0D19D /* Resources */ = {
			isa = PBXResourcesBuildPhase;
			buildActionMask = 2147483647;
			files = (
			);
			runOnlyForDeploymentPostprocessing = 0;
		};
/* End PBXResourcesBuildPhase section */

/* Begin PBXSourcesBuildPhase section */
		080EDEED21B6DA7E00813479 /* Sources */ = {
			isa = PBXSourcesBuildPhase;
			buildActionMask = 2147483647;
			files = (
				18176D232E94493B000E2E7A /* CoreDataHelpers.swift in Sources */,
				08C0880E21E4EF2900ACFB30 /* FeedItemsMapper.swift in Sources */,
				080EDF0E21B6DCB600813479 /* FeedLoader.swift in Sources */,
				183FB2DB2E859CC70010D431 /* RemoteFeedItem.swift in Sources */,
				187C26AB2E8C275C00201400 /* FeedCachePolicy.swift in Sources */,
				08B42EA421C3F09A00DDA349 /* RemoteFeedLoader.swift in Sources */,
				183FB2DD2E859CF40010D431 /* LocalFeedImage.swift in Sources */,
				183FB2D92E8445630010D431 /* FeedStore.swift in Sources */,
				183FB2D72E8444B30010D431 /* LocalFeedLoader.swift in Sources */,
				187C26AF2E8EC80C00201400 /* CodableFeedStore.swift in Sources */,
				08C0880C21E4EED600ACFB30 /* HTTPClient.swift in Sources */,
				080EDF0C21B6DAE800813479 /* FeedImage.swift in Sources */,
				0844769121FCBE7D00439BE9 /* URLSessionHTTPClient.swift in Sources */,
				18FEF15D2E93FD670013046E /* FeedStore.xcdatamodeld in Sources */,
				18176D252E9449B2000E2E7A /* ManagedCache.swift in Sources */,
				18E7A74B2E904BE3001BA830 /* CoreDataFeedStore.swift in Sources */,
				18176D272E9449BC000E2E7A /* ManagedFeedImage.swift in Sources */,
			);
			runOnlyForDeploymentPostprocessing = 0;
		};
		080EDEF621B6DA7E00813479 /* Sources */ = {
			isa = PBXSourcesBuildPhase;
			buildActionMask = 2147483647;
			files = (
				187C26AD2E8C601E00201400 /* CodableFeedStoreTests.swift in Sources */,
				187C26A22E8B14FC00201400 /* FeedCacheTestHelpers.swift in Sources */,
				187C26A02E8B0B6A00201400 /* ValidateFeedCacheUseCaseTests.swift in Sources */,
				08DDC13A21BEA99E00F490ED /* LoadFeedFromRemoteUseCaseTests.swift in Sources */,
				18E7A7432E900FAB001BA830 /* XCTestCase+FailableInsertFeedStoreSpecs.swift in Sources */,
				082DB86421F763F900A71F69 /* URLSessionHTTPClientTests.swift in Sources */,
				183FB2E22E85CFAA0010D431 /* FeedStoreSpy.swift in Sources */,
				187C26A82E8B162A00201400 /* SharedTestHelpers.swift in Sources */,
				18E7A73D2E90054C001BA830 /* XCTestCase+feedStoreSpecs.swift in Sources */,
				18E7A7452E901060001BA830 /* XCTestCase+FailableDeleteFeedStoreSpecs.swift in Sources */,
				18E7A7412E900F2C001BA830 /* XCTestCase+FailableRetrieveFeedStoreSpecs.swift in Sources */,
				18CF9ADF2E6F6E46001E37F3 /* CacheFeedUseCaseTests.swift in Sources */,
				183FB2DF2E85BABC0010D431 /* LoadFeedFromCacheUseCaseTests.swift in Sources */,
				18E7A73B2E90047C001BA830 /* FeedStoreSpecs.swift in Sources */,
				18E7A7482E904ADA001BA830 /* CoreDataFeedStoreTests.swift in Sources */,
				0844768F21FCB24E00439BE9 /* XCTestCase+MemoryLeakTracking.swift in Sources */,
			);
			runOnlyForDeploymentPostprocessing = 0;
		};
		08993958220359C50031B03D /* Sources */ = {
			isa = PBXSourcesBuildPhase;
			buildActionMask = 2147483647;
			files = (
				187C26A32E8B14FC00201400 /* FeedCacheTestHelpers.swift in Sources */,
				0899395F220359C50031B03D /* EssentialFeedAPIEndToEndTests.swift in Sources */,
				187C26A92E8B162A00201400 /* SharedTestHelpers.swift in Sources */,
				0845C25E22035FBD003C5EF1 /* XCTestCase+MemoryLeakTracking.swift in Sources */,
				183FB2E12E85CFAA0010D431 /* FeedStoreSpy.swift in Sources */,
			);
			runOnlyForDeploymentPostprocessing = 0;
		};
		18176D2A2E954D61000E2E7A /* Sources */ = {
			isa = PBXSourcesBuildPhase;
			buildActionMask = 2147483647;
			files = (
				18176D3B2E98393E000E2E7A /* FeedCacheTestHelpers.swift in Sources */,
				18176D392E97F4B7000E2E7A /* XCTestCase+MemoryLeakTracking.swift in Sources */,
				18176D3A2E98392A000E2E7A /* SharedTestHelpers.swift in Sources */,
			);
			runOnlyForDeploymentPostprocessing = 0;
		};
		18D5DD112EA28F5300F0D19D /* Sources */ = {
			isa = PBXSourcesBuildPhase;
			buildActionMask = 2147483647;
			files = (
			);
			runOnlyForDeploymentPostprocessing = 0;
		};
		18D5DD1B2EA28F5500F0D19D /* Sources */ = {
			isa = PBXSourcesBuildPhase;
			buildActionMask = 2147483647;
			files = (
				18DE52202EA7C77700D96979 /* XCTestCase+MemoryLeakTracking.swift in Sources */,
			);
			runOnlyForDeploymentPostprocessing = 0;
		};
/* End PBXSourcesBuildPhase section */

/* Begin PBXTargetDependency section */
		080EDEFD21B6DA7E00813479 /* PBXTargetDependency */ = {
			isa = PBXTargetDependency;
			target = 080EDEF021B6DA7E00813479 /* EssentialFeed */;
			targetProxy = 080EDEFC21B6DA7E00813479 /* PBXContainerItemProxy */;
		};
		08993963220359C50031B03D /* PBXTargetDependency */ = {
			isa = PBXTargetDependency;
			target = 080EDEF021B6DA7E00813479 /* EssentialFeed */;
			targetProxy = 08993962220359C50031B03D /* PBXContainerItemProxy */;
		};
		18176D342E954D61000E2E7A /* PBXTargetDependency */ = {
			isa = PBXTargetDependency;
			target = 080EDEF021B6DA7E00813479 /* EssentialFeed */;
			targetProxy = 18176D332E954D61000E2E7A /* PBXContainerItemProxy */;
		};
		18D5DD222EA28F5500F0D19D /* PBXTargetDependency */ = {
			isa = PBXTargetDependency;
			target = 18D5DD142EA28F5300F0D19D /* EssentialFeediOS */;
			targetProxy = 18D5DD212EA28F5500F0D19D /* PBXContainerItemProxy */;
		};
		18DE521E2EA7C6AC00D96979 /* PBXTargetDependency */ = {
			isa = PBXTargetDependency;
			target = 080EDEF021B6DA7E00813479 /* EssentialFeed */;
			targetProxy = 18DE521D2EA7C6AC00D96979 /* PBXContainerItemProxy */;
		};
/* End PBXTargetDependency section */

/* Begin XCBuildConfiguration section */
		080EDF0321B6DA7E00813479 /* Debug */ = {
			isa = XCBuildConfiguration;
			buildSettings = {
				ALWAYS_SEARCH_USER_PATHS = NO;
				CLANG_ANALYZER_NONNULL = YES;
				CLANG_ANALYZER_NUMBER_OBJECT_CONVERSION = YES_AGGRESSIVE;
				CLANG_CXX_LANGUAGE_STANDARD = "gnu++14";
				CLANG_CXX_LIBRARY = "libc++";
				CLANG_ENABLE_MODULES = YES;
				CLANG_ENABLE_OBJC_ARC = YES;
				CLANG_ENABLE_OBJC_WEAK = YES;
				CLANG_WARN_BLOCK_CAPTURE_AUTORELEASING = YES;
				CLANG_WARN_BOOL_CONVERSION = YES;
				CLANG_WARN_COMMA = YES;
				CLANG_WARN_CONSTANT_CONVERSION = YES;
				CLANG_WARN_DEPRECATED_OBJC_IMPLEMENTATIONS = YES;
				CLANG_WARN_DIRECT_OBJC_ISA_USAGE = YES_ERROR;
				CLANG_WARN_DOCUMENTATION_COMMENTS = YES;
				CLANG_WARN_EMPTY_BODY = YES;
				CLANG_WARN_ENUM_CONVERSION = YES;
				CLANG_WARN_INFINITE_RECURSION = YES;
				CLANG_WARN_INT_CONVERSION = YES;
				CLANG_WARN_NON_LITERAL_NULL_CONVERSION = YES;
				CLANG_WARN_OBJC_IMPLICIT_RETAIN_SELF = YES;
				CLANG_WARN_OBJC_LITERAL_CONVERSION = YES;
				CLANG_WARN_OBJC_ROOT_CLASS = YES_ERROR;
				CLANG_WARN_QUOTED_INCLUDE_IN_FRAMEWORK_HEADER = YES;
				CLANG_WARN_RANGE_LOOP_ANALYSIS = YES;
				CLANG_WARN_STRICT_PROTOTYPES = YES;
				CLANG_WARN_SUSPICIOUS_MOVE = YES;
				CLANG_WARN_UNGUARDED_AVAILABILITY = YES_AGGRESSIVE;
				CLANG_WARN_UNREACHABLE_CODE = YES;
				CLANG_WARN__DUPLICATE_METHOD_MATCH = YES;
				CODE_SIGN_IDENTITY = "Mac Developer";
				COPY_PHASE_STRIP = NO;
				CURRENT_PROJECT_VERSION = 1;
				DEAD_CODE_STRIPPING = YES;
				DEBUG_INFORMATION_FORMAT = dwarf;
				ENABLE_STRICT_OBJC_MSGSEND = YES;
				ENABLE_TESTABILITY = YES;
				GCC_C_LANGUAGE_STANDARD = gnu11;
				GCC_DYNAMIC_NO_PIC = NO;
				GCC_NO_COMMON_BLOCKS = YES;
				GCC_OPTIMIZATION_LEVEL = 0;
				GCC_PREPROCESSOR_DEFINITIONS = (
					"DEBUG=1",
					"$(inherited)",
				);
				GCC_WARN_64_TO_32_BIT_CONVERSION = YES;
				GCC_WARN_ABOUT_RETURN_TYPE = YES_ERROR;
				GCC_WARN_UNDECLARED_SELECTOR = YES;
				GCC_WARN_UNINITIALIZED_AUTOS = YES_AGGRESSIVE;
				GCC_WARN_UNUSED_FUNCTION = YES;
				GCC_WARN_UNUSED_VARIABLE = YES;
				MACOSX_DEPLOYMENT_TARGET = 10.14;
				MTL_ENABLE_DEBUG_INFO = INCLUDE_SOURCE;
				MTL_FAST_MATH = YES;
				ONLY_ACTIVE_ARCH = YES;
				SDKROOT = macosx;
				STRING_CATALOG_GENERATE_SYMBOLS = YES;
				SWIFT_ACTIVE_COMPILATION_CONDITIONS = DEBUG;
				SWIFT_OPTIMIZATION_LEVEL = "-Onone";
				VERSIONING_SYSTEM = "apple-generic";
				VERSION_INFO_PREFIX = "";
			};
			name = Debug;
		};
		080EDF0421B6DA7E00813479 /* Release */ = {
			isa = XCBuildConfiguration;
			buildSettings = {
				ALWAYS_SEARCH_USER_PATHS = NO;
				CLANG_ANALYZER_NONNULL = YES;
				CLANG_ANALYZER_NUMBER_OBJECT_CONVERSION = YES_AGGRESSIVE;
				CLANG_CXX_LANGUAGE_STANDARD = "gnu++14";
				CLANG_CXX_LIBRARY = "libc++";
				CLANG_ENABLE_MODULES = YES;
				CLANG_ENABLE_OBJC_ARC = YES;
				CLANG_ENABLE_OBJC_WEAK = YES;
				CLANG_WARN_BLOCK_CAPTURE_AUTORELEASING = YES;
				CLANG_WARN_BOOL_CONVERSION = YES;
				CLANG_WARN_COMMA = YES;
				CLANG_WARN_CONSTANT_CONVERSION = YES;
				CLANG_WARN_DEPRECATED_OBJC_IMPLEMENTATIONS = YES;
				CLANG_WARN_DIRECT_OBJC_ISA_USAGE = YES_ERROR;
				CLANG_WARN_DOCUMENTATION_COMMENTS = YES;
				CLANG_WARN_EMPTY_BODY = YES;
				CLANG_WARN_ENUM_CONVERSION = YES;
				CLANG_WARN_INFINITE_RECURSION = YES;
				CLANG_WARN_INT_CONVERSION = YES;
				CLANG_WARN_NON_LITERAL_NULL_CONVERSION = YES;
				CLANG_WARN_OBJC_IMPLICIT_RETAIN_SELF = YES;
				CLANG_WARN_OBJC_LITERAL_CONVERSION = YES;
				CLANG_WARN_OBJC_ROOT_CLASS = YES_ERROR;
				CLANG_WARN_QUOTED_INCLUDE_IN_FRAMEWORK_HEADER = YES;
				CLANG_WARN_RANGE_LOOP_ANALYSIS = YES;
				CLANG_WARN_STRICT_PROTOTYPES = YES;
				CLANG_WARN_SUSPICIOUS_MOVE = YES;
				CLANG_WARN_UNGUARDED_AVAILABILITY = YES_AGGRESSIVE;
				CLANG_WARN_UNREACHABLE_CODE = YES;
				CLANG_WARN__DUPLICATE_METHOD_MATCH = YES;
				CODE_SIGN_IDENTITY = "Mac Developer";
				COPY_PHASE_STRIP = NO;
				CURRENT_PROJECT_VERSION = 1;
				DEAD_CODE_STRIPPING = YES;
				DEBUG_INFORMATION_FORMAT = "dwarf-with-dsym";
				ENABLE_NS_ASSERTIONS = NO;
				ENABLE_STRICT_OBJC_MSGSEND = YES;
				GCC_C_LANGUAGE_STANDARD = gnu11;
				GCC_NO_COMMON_BLOCKS = YES;
				GCC_WARN_64_TO_32_BIT_CONVERSION = YES;
				GCC_WARN_ABOUT_RETURN_TYPE = YES_ERROR;
				GCC_WARN_UNDECLARED_SELECTOR = YES;
				GCC_WARN_UNINITIALIZED_AUTOS = YES_AGGRESSIVE;
				GCC_WARN_UNUSED_FUNCTION = YES;
				GCC_WARN_UNUSED_VARIABLE = YES;
				MACOSX_DEPLOYMENT_TARGET = 10.14;
				MTL_ENABLE_DEBUG_INFO = NO;
				MTL_FAST_MATH = YES;
				SDKROOT = macosx;
				STRING_CATALOG_GENERATE_SYMBOLS = YES;
				SWIFT_COMPILATION_MODE = wholemodule;
				SWIFT_OPTIMIZATION_LEVEL = "-O";
				VERSIONING_SYSTEM = "apple-generic";
				VERSION_INFO_PREFIX = "";
			};
			name = Release;
		};
		080EDF0621B6DA7E00813479 /* Debug */ = {
			isa = XCBuildConfiguration;
			buildSettings = {
				BUILD_LIBRARY_FOR_DISTRIBUTION = NO;
				CLANG_ENABLE_MODULES = YES;
				CODE_SIGN_IDENTITY = "";
				CODE_SIGN_STYLE = Manual;
				COMBINE_HIDPI_IMAGES = YES;
				DEAD_CODE_STRIPPING = YES;
				DEFINES_MODULE = YES;
				DEVELOPMENT_TEAM = "";
				DYLIB_COMPATIBILITY_VERSION = 1;
				DYLIB_CURRENT_VERSION = 1;
				DYLIB_INSTALL_NAME_BASE = "@rpath";
				ENABLE_MODULE_VERIFIER = YES;
				FRAMEWORK_VERSION = A;
				INFOPLIST_FILE = EssentialFeed/Info.plist;
				INSTALL_PATH = "$(LOCAL_LIBRARY_DIR)/Frameworks";
				IPHONEOS_DEPLOYMENT_TARGET = 26.0;
				LD_RUNPATH_SEARCH_PATHS = (
					"$(inherited)",
					"@executable_path/../Frameworks",
					"@loader_path/Frameworks",
				);
				MACOSX_DEPLOYMENT_TARGET = 26.0;
				MODULE_VERIFIER_SUPPORTED_LANGUAGE_STANDARDS = "gnu11 gnu++14";
				PRODUCT_BUNDLE_IDENTIFIER = com.essentialdeveloper.EssentialFeed;
				PRODUCT_NAME = "$(TARGET_NAME:c99extidentifier)";
				PROVISIONING_PROFILE_SPECIFIER = "";
				SKIP_INSTALL = YES;
				SUPPORTED_PLATFORMS = "iphoneos iphonesimulator macosx";
				SUPPORTS_MACCATALYST = NO;
				SWIFT_OPTIMIZATION_LEVEL = "-Onone";
				SWIFT_VERSION = 4.2;
				TARGETED_DEVICE_FAMILY = 1;
			};
			name = Debug;
		};
		080EDF0721B6DA7E00813479 /* Release */ = {
			isa = XCBuildConfiguration;
			buildSettings = {
				BUILD_LIBRARY_FOR_DISTRIBUTION = NO;
				CLANG_ENABLE_MODULES = YES;
				CODE_SIGN_IDENTITY = "";
				CODE_SIGN_STYLE = Manual;
				COMBINE_HIDPI_IMAGES = YES;
				DEAD_CODE_STRIPPING = YES;
				DEFINES_MODULE = YES;
				DEVELOPMENT_TEAM = "";
				DYLIB_COMPATIBILITY_VERSION = 1;
				DYLIB_CURRENT_VERSION = 1;
				DYLIB_INSTALL_NAME_BASE = "@rpath";
				ENABLE_MODULE_VERIFIER = YES;
				FRAMEWORK_VERSION = A;
				INFOPLIST_FILE = EssentialFeed/Info.plist;
				INSTALL_PATH = "$(LOCAL_LIBRARY_DIR)/Frameworks";
				IPHONEOS_DEPLOYMENT_TARGET = 26.0;
				LD_RUNPATH_SEARCH_PATHS = (
					"$(inherited)",
					"@executable_path/../Frameworks",
					"@loader_path/Frameworks",
				);
				MACOSX_DEPLOYMENT_TARGET = 26.0;
				MODULE_VERIFIER_SUPPORTED_LANGUAGE_STANDARDS = "gnu11 gnu++14";
				PRODUCT_BUNDLE_IDENTIFIER = com.essentialdeveloper.EssentialFeed;
				PRODUCT_NAME = "$(TARGET_NAME:c99extidentifier)";
				PROVISIONING_PROFILE_SPECIFIER = "";
				SKIP_INSTALL = YES;
				SUPPORTED_PLATFORMS = "iphoneos iphonesimulator macosx";
				SUPPORTS_MACCATALYST = NO;
				SWIFT_VERSION = 4.2;
				TARGETED_DEVICE_FAMILY = 1;
			};
			name = Release;
		};
		080EDF0921B6DA7E00813479 /* Debug */ = {
			isa = XCBuildConfiguration;
			buildSettings = {
				CLANG_ENABLE_MODULES = YES;
				CODE_SIGN_STYLE = Manual;
				COMBINE_HIDPI_IMAGES = YES;
				DEAD_CODE_STRIPPING = YES;
				DEVELOPMENT_TEAM = "";
				"DEVELOPMENT_TEAM[sdk=macosx*]" = Q79QNHT2T2;
				INFOPLIST_FILE = EssentialFeedTests/Info.plist;
				IPHONEOS_DEPLOYMENT_TARGET = 26.0;
				LD_RUNPATH_SEARCH_PATHS = (
					"$(inherited)",
					"@executable_path/../Frameworks",
					"@loader_path/../Frameworks",
				);
				MACOSX_DEPLOYMENT_TARGET = 26.0;
				PRODUCT_BUNDLE_IDENTIFIER = com.essentialdeveloper.EssentialFeedTests;
				PRODUCT_NAME = "$(TARGET_NAME)";
				PROVISIONING_PROFILE_SPECIFIER = "";
				SUPPORTED_PLATFORMS = "iphoneos iphonesimulator macosx";
				SUPPORTS_MACCATALYST = NO;
				SWIFT_OPTIMIZATION_LEVEL = "-Onone";
				SWIFT_VERSION = 4.2;
				TARGETED_DEVICE_FAMILY = 1;
			};
			name = Debug;
		};
		080EDF0A21B6DA7E00813479 /* Release */ = {
			isa = XCBuildConfiguration;
			buildSettings = {
				CLANG_ENABLE_MODULES = YES;
				CODE_SIGN_STYLE = Manual;
				COMBINE_HIDPI_IMAGES = YES;
				DEAD_CODE_STRIPPING = YES;
				DEVELOPMENT_TEAM = "";
				"DEVELOPMENT_TEAM[sdk=macosx*]" = Q79QNHT2T2;
				INFOPLIST_FILE = EssentialFeedTests/Info.plist;
				IPHONEOS_DEPLOYMENT_TARGET = 26.0;
				LD_RUNPATH_SEARCH_PATHS = (
					"$(inherited)",
					"@executable_path/../Frameworks",
					"@loader_path/../Frameworks",
				);
				MACOSX_DEPLOYMENT_TARGET = 26.0;
				PRODUCT_BUNDLE_IDENTIFIER = com.essentialdeveloper.EssentialFeedTests;
				PRODUCT_NAME = "$(TARGET_NAME)";
				PROVISIONING_PROFILE_SPECIFIER = "";
				SUPPORTED_PLATFORMS = "iphoneos iphonesimulator macosx";
				SUPPORTS_MACCATALYST = NO;
				SWIFT_VERSION = 4.2;
				TARGETED_DEVICE_FAMILY = 1;
			};
			name = Release;
		};
		08993964220359C50031B03D /* Debug */ = {
			isa = XCBuildConfiguration;
			buildSettings = {
				CODE_SIGN_STYLE = Automatic;
				COMBINE_HIDPI_IMAGES = YES;
				DEAD_CODE_STRIPPING = YES;
				DEVELOPMENT_TEAM = Q79QNHT2T2;
				INFOPLIST_FILE = EssentialFeedAPIEndToEndTests/Info.plist;
				IPHONEOS_DEPLOYMENT_TARGET = 26.0;
				LD_RUNPATH_SEARCH_PATHS = (
					"$(inherited)",
					"@executable_path/../Frameworks",
					"@loader_path/../Frameworks",
				);
				MACOSX_DEPLOYMENT_TARGET = 26.0;
				PRODUCT_BUNDLE_IDENTIFIER = com.essentialdeveloper.EssentialFeedAPIEndToEndTests;
				PRODUCT_NAME = "$(TARGET_NAME)";
				SUPPORTED_PLATFORMS = "iphoneos iphonesimulator macosx";
				SUPPORTS_MACCATALYST = NO;
				SWIFT_VERSION = 4.2;
				TARGETED_DEVICE_FAMILY = 1;
			};
			name = Debug;
		};
		08993965220359C50031B03D /* Release */ = {
			isa = XCBuildConfiguration;
			buildSettings = {
				CODE_SIGN_STYLE = Automatic;
				COMBINE_HIDPI_IMAGES = YES;
				DEAD_CODE_STRIPPING = YES;
				DEVELOPMENT_TEAM = Q79QNHT2T2;
				INFOPLIST_FILE = EssentialFeedAPIEndToEndTests/Info.plist;
				IPHONEOS_DEPLOYMENT_TARGET = 26.0;
				LD_RUNPATH_SEARCH_PATHS = (
					"$(inherited)",
					"@executable_path/../Frameworks",
					"@loader_path/../Frameworks",
				);
				MACOSX_DEPLOYMENT_TARGET = 26.0;
				PRODUCT_BUNDLE_IDENTIFIER = com.essentialdeveloper.EssentialFeedAPIEndToEndTests;
				PRODUCT_NAME = "$(TARGET_NAME)";
				SUPPORTED_PLATFORMS = "iphoneos iphonesimulator macosx";
				SUPPORTS_MACCATALYST = NO;
				SWIFT_VERSION = 4.2;
				TARGETED_DEVICE_FAMILY = 1;
			};
			name = Release;
		};
		18176D352E954D61000E2E7A /* Debug */ = {
			isa = XCBuildConfiguration;
			buildSettings = {
				ASSETCATALOG_COMPILER_GENERATE_SWIFT_ASSET_SYMBOL_EXTENSIONS = YES;
				CLANG_CXX_LANGUAGE_STANDARD = "gnu++20";
				CLANG_WARN_QUOTED_INCLUDE_IN_FRAMEWORK_HEADER = YES;
				CODE_SIGN_STYLE = Automatic;
				CURRENT_PROJECT_VERSION = 1;
				DEAD_CODE_STRIPPING = YES;
				DEVELOPMENT_TEAM = Q79QNHT2T2;
				ENABLE_USER_SCRIPT_SANDBOXING = YES;
				GCC_C_LANGUAGE_STANDARD = gnu17;
				GENERATE_INFOPLIST_FILE = YES;
				IPHONEOS_DEPLOYMENT_TARGET = 26.0;
				LOCALIZATION_PREFERS_STRING_CATALOGS = YES;
				MACOSX_DEPLOYMENT_TARGET = 26.0;
				MARKETING_VERSION = 1.0;
				PRODUCT_BUNDLE_IDENTIFIER = com.hugovanderlei.EssentialFeedCacheIntegrationTests;
				PRODUCT_NAME = "$(TARGET_NAME)";
				STRING_CATALOG_GENERATE_SYMBOLS = NO;
				SUPPORTED_PLATFORMS = "iphoneos iphonesimulator macosx";
				SUPPORTS_MACCATALYST = NO;
				SWIFT_ACTIVE_COMPILATION_CONDITIONS = "DEBUG $(inherited)";
				SWIFT_APPROACHABLE_CONCURRENCY = YES;
				SWIFT_EMIT_LOC_STRINGS = NO;
				SWIFT_UPCOMING_FEATURE_MEMBER_IMPORT_VISIBILITY = YES;
				SWIFT_VERSION = 5.0;
				TARGETED_DEVICE_FAMILY = 1;
			};
			name = Debug;
		};
		18176D362E954D61000E2E7A /* Release */ = {
			isa = XCBuildConfiguration;
			buildSettings = {
				ASSETCATALOG_COMPILER_GENERATE_SWIFT_ASSET_SYMBOL_EXTENSIONS = YES;
				CLANG_CXX_LANGUAGE_STANDARD = "gnu++20";
				CLANG_WARN_QUOTED_INCLUDE_IN_FRAMEWORK_HEADER = YES;
				CODE_SIGN_STYLE = Automatic;
				CURRENT_PROJECT_VERSION = 1;
				DEAD_CODE_STRIPPING = YES;
				DEVELOPMENT_TEAM = Q79QNHT2T2;
				ENABLE_USER_SCRIPT_SANDBOXING = YES;
				GCC_C_LANGUAGE_STANDARD = gnu17;
				GENERATE_INFOPLIST_FILE = YES;
				IPHONEOS_DEPLOYMENT_TARGET = 26.0;
				LOCALIZATION_PREFERS_STRING_CATALOGS = YES;
				MACOSX_DEPLOYMENT_TARGET = 26.0;
				MARKETING_VERSION = 1.0;
				PRODUCT_BUNDLE_IDENTIFIER = com.hugovanderlei.EssentialFeedCacheIntegrationTests;
				PRODUCT_NAME = "$(TARGET_NAME)";
				STRING_CATALOG_GENERATE_SYMBOLS = NO;
				SUPPORTED_PLATFORMS = "iphoneos iphonesimulator macosx";
				SUPPORTS_MACCATALYST = NO;
				SWIFT_APPROACHABLE_CONCURRENCY = YES;
				SWIFT_EMIT_LOC_STRINGS = NO;
				SWIFT_UPCOMING_FEATURE_MEMBER_IMPORT_VISIBILITY = YES;
				SWIFT_VERSION = 5.0;
				TARGETED_DEVICE_FAMILY = 1;
			};
			name = Release;
		};
		18D5DD272EA28F5500F0D19D /* Debug */ = {
			isa = XCBuildConfiguration;
			buildSettings = {
				ASSETCATALOG_COMPILER_GENERATE_SWIFT_ASSET_SYMBOL_EXTENSIONS = YES;
				BUILD_LIBRARY_FOR_DISTRIBUTION = YES;
				CLANG_CXX_LANGUAGE_STANDARD = "gnu++20";
				CODE_SIGN_IDENTITY = "";
				CODE_SIGN_STYLE = Automatic;
				CURRENT_PROJECT_VERSION = 1;
				DEVELOPMENT_TEAM = Q79QNHT2T2;
				DYLIB_COMPATIBILITY_VERSION = 1;
				DYLIB_CURRENT_VERSION = 1;
				DYLIB_INSTALL_NAME_BASE = "@rpath";
				ENABLE_MODULE_VERIFIER = YES;
				ENABLE_USER_SCRIPT_SANDBOXING = YES;
				GCC_C_LANGUAGE_STANDARD = gnu17;
				GENERATE_INFOPLIST_FILE = YES;
				INFOPLIST_KEY_NSHumanReadableCopyright = "Copyright © 2025 Essential Developer. All rights reserved.";
				INSTALL_PATH = "$(LOCAL_LIBRARY_DIR)/Frameworks";
				IPHONEOS_DEPLOYMENT_TARGET = 26.0;
				LD_RUNPATH_SEARCH_PATHS = (
					"$(inherited)",
					"@executable_path/Frameworks",
					"@loader_path/Frameworks",
				);
				LOCALIZATION_PREFERS_STRING_CATALOGS = YES;
				MACOSX_DEPLOYMENT_TARGET = 11.0;
				MARKETING_VERSION = 1.0;
				MODULE_VERIFIER_SUPPORTED_LANGUAGES = "objective-c objective-c++";
				MODULE_VERIFIER_SUPPORTED_LANGUAGE_STANDARDS = "gnu17 gnu++20";
				PRODUCT_BUNDLE_IDENTIFIER = com.hugovanderlei.EssentialFeediOS;
				PRODUCT_NAME = "$(TARGET_NAME:c99extidentifier)";
				SDKROOT = iphoneos;
				SKIP_INSTALL = YES;
				STRING_CATALOG_GENERATE_SYMBOLS = YES;
				SUPPORTED_PLATFORMS = "iphoneos iphonesimulator";
				SUPPORTS_MACCATALYST = NO;
				SUPPORTS_MAC_DESIGNED_FOR_IPHONE_IPAD = NO;
				SUPPORTS_XR_DESIGNED_FOR_IPHONE_IPAD = NO;
				SWIFT_ACTIVE_COMPILATION_CONDITIONS = "DEBUG $(inherited)";
				SWIFT_APPROACHABLE_CONCURRENCY = YES;
				SWIFT_EMIT_LOC_STRINGS = YES;
				SWIFT_INSTALL_MODULE = YES;
				SWIFT_INSTALL_OBJC_HEADER = NO;
				SWIFT_UPCOMING_FEATURE_MEMBER_IMPORT_VISIBILITY = YES;
				SWIFT_VERSION = 5.0;
				TARGETED_DEVICE_FAMILY = 1;
			};
			name = Debug;
		};
		18D5DD282EA28F5500F0D19D /* Release */ = {
			isa = XCBuildConfiguration;
			buildSettings = {
				ASSETCATALOG_COMPILER_GENERATE_SWIFT_ASSET_SYMBOL_EXTENSIONS = YES;
				BUILD_LIBRARY_FOR_DISTRIBUTION = YES;
				CLANG_CXX_LANGUAGE_STANDARD = "gnu++20";
				CODE_SIGN_IDENTITY = "";
				CODE_SIGN_STYLE = Automatic;
				CURRENT_PROJECT_VERSION = 1;
				DEVELOPMENT_TEAM = Q79QNHT2T2;
				DYLIB_COMPATIBILITY_VERSION = 1;
				DYLIB_CURRENT_VERSION = 1;
				DYLIB_INSTALL_NAME_BASE = "@rpath";
				ENABLE_MODULE_VERIFIER = YES;
				ENABLE_USER_SCRIPT_SANDBOXING = YES;
				GCC_C_LANGUAGE_STANDARD = gnu17;
				GENERATE_INFOPLIST_FILE = YES;
				INFOPLIST_KEY_NSHumanReadableCopyright = "Copyright © 2025 Essential Developer. All rights reserved.";
				INSTALL_PATH = "$(LOCAL_LIBRARY_DIR)/Frameworks";
				IPHONEOS_DEPLOYMENT_TARGET = 26.0;
				LD_RUNPATH_SEARCH_PATHS = (
					"$(inherited)",
					"@executable_path/Frameworks",
					"@loader_path/Frameworks",
				);
				LOCALIZATION_PREFERS_STRING_CATALOGS = YES;
				MACOSX_DEPLOYMENT_TARGET = 11.0;
				MARKETING_VERSION = 1.0;
				MODULE_VERIFIER_SUPPORTED_LANGUAGES = "objective-c objective-c++";
				MODULE_VERIFIER_SUPPORTED_LANGUAGE_STANDARDS = "gnu17 gnu++20";
				PRODUCT_BUNDLE_IDENTIFIER = com.hugovanderlei.EssentialFeediOS;
				PRODUCT_NAME = "$(TARGET_NAME:c99extidentifier)";
				SDKROOT = iphoneos;
				SKIP_INSTALL = YES;
				STRING_CATALOG_GENERATE_SYMBOLS = YES;
				SUPPORTED_PLATFORMS = "iphoneos iphonesimulator";
				SUPPORTS_MACCATALYST = NO;
				SUPPORTS_MAC_DESIGNED_FOR_IPHONE_IPAD = NO;
				SUPPORTS_XR_DESIGNED_FOR_IPHONE_IPAD = NO;
				SWIFT_APPROACHABLE_CONCURRENCY = YES;
				SWIFT_EMIT_LOC_STRINGS = YES;
				SWIFT_INSTALL_MODULE = YES;
				SWIFT_INSTALL_OBJC_HEADER = NO;
				SWIFT_UPCOMING_FEATURE_MEMBER_IMPORT_VISIBILITY = YES;
				SWIFT_VERSION = 5.0;
				TARGETED_DEVICE_FAMILY = 1;
				VALIDATE_PRODUCT = YES;
			};
			name = Release;
		};
		18D5DD2A2EA28F5500F0D19D /* Debug */ = {
			isa = XCBuildConfiguration;
			buildSettings = {
				ASSETCATALOG_COMPILER_GENERATE_SWIFT_ASSET_SYMBOL_EXTENSIONS = YES;
				CLANG_CXX_LANGUAGE_STANDARD = "gnu++20";
				CODE_SIGN_STYLE = Automatic;
				CURRENT_PROJECT_VERSION = 1;
				DEVELOPMENT_TEAM = Q79QNHT2T2;
				ENABLE_USER_SCRIPT_SANDBOXING = YES;
				GCC_C_LANGUAGE_STANDARD = gnu17;
				GENERATE_INFOPLIST_FILE = YES;
				IPHONEOS_DEPLOYMENT_TARGET = 26.0;
				LOCALIZATION_PREFERS_STRING_CATALOGS = YES;
				MACOSX_DEPLOYMENT_TARGET = 11.0;
				MARKETING_VERSION = 1.0;
				PRODUCT_BUNDLE_IDENTIFIER = com.hugovanderlei.EssentialFeediOSTests;
				PRODUCT_NAME = "$(TARGET_NAME)";
				SDKROOT = iphoneos;
				STRING_CATALOG_GENERATE_SYMBOLS = NO;
				SUPPORTED_PLATFORMS = "iphoneos iphonesimulator";
				SUPPORTS_MACCATALYST = NO;
				SUPPORTS_MAC_DESIGNED_FOR_IPHONE_IPAD = NO;
				SUPPORTS_XR_DESIGNED_FOR_IPHONE_IPAD = NO;
				SWIFT_ACTIVE_COMPILATION_CONDITIONS = "DEBUG $(inherited)";
				SWIFT_APPROACHABLE_CONCURRENCY = YES;
				SWIFT_EMIT_LOC_STRINGS = NO;
				SWIFT_UPCOMING_FEATURE_MEMBER_IMPORT_VISIBILITY = YES;
				SWIFT_VERSION = 5.0;
				TARGETED_DEVICE_FAMILY = 1;
			};
			name = Debug;
		};
		18D5DD2B2EA28F5500F0D19D /* Release */ = {
			isa = XCBuildConfiguration;
			buildSettings = {
				ASSETCATALOG_COMPILER_GENERATE_SWIFT_ASSET_SYMBOL_EXTENSIONS = YES;
				CLANG_CXX_LANGUAGE_STANDARD = "gnu++20";
				CODE_SIGN_STYLE = Automatic;
				CURRENT_PROJECT_VERSION = 1;
				DEVELOPMENT_TEAM = Q79QNHT2T2;
				ENABLE_USER_SCRIPT_SANDBOXING = YES;
				GCC_C_LANGUAGE_STANDARD = gnu17;
				GENERATE_INFOPLIST_FILE = YES;
				IPHONEOS_DEPLOYMENT_TARGET = 26.0;
				LOCALIZATION_PREFERS_STRING_CATALOGS = YES;
				MACOSX_DEPLOYMENT_TARGET = 11.0;
				MARKETING_VERSION = 1.0;
				PRODUCT_BUNDLE_IDENTIFIER = com.hugovanderlei.EssentialFeediOSTests;
				PRODUCT_NAME = "$(TARGET_NAME)";
				SDKROOT = iphoneos;
				STRING_CATALOG_GENERATE_SYMBOLS = NO;
				SUPPORTED_PLATFORMS = "iphoneos iphonesimulator";
				SUPPORTS_MACCATALYST = NO;
				SUPPORTS_MAC_DESIGNED_FOR_IPHONE_IPAD = NO;
				SUPPORTS_XR_DESIGNED_FOR_IPHONE_IPAD = NO;
				SWIFT_APPROACHABLE_CONCURRENCY = YES;
				SWIFT_EMIT_LOC_STRINGS = NO;
				SWIFT_UPCOMING_FEATURE_MEMBER_IMPORT_VISIBILITY = YES;
				SWIFT_VERSION = 5.0;
				TARGETED_DEVICE_FAMILY = 1;
				VALIDATE_PRODUCT = YES;
			};
			name = Release;
		};
/* End XCBuildConfiguration section */

/* Begin XCConfigurationList section */
		080EDEEB21B6DA7E00813479 /* Build configuration list for PBXProject "EssentialFeed" */ = {
			isa = XCConfigurationList;
			buildConfigurations = (
				080EDF0321B6DA7E00813479 /* Debug */,
				080EDF0421B6DA7E00813479 /* Release */,
			);
			defaultConfigurationIsVisible = 0;
			defaultConfigurationName = Release;
		};
		080EDF0521B6DA7E00813479 /* Build configuration list for PBXNativeTarget "EssentialFeed" */ = {
			isa = XCConfigurationList;
			buildConfigurations = (
				080EDF0621B6DA7E00813479 /* Debug */,
				080EDF0721B6DA7E00813479 /* Release */,
			);
			defaultConfigurationIsVisible = 0;
			defaultConfigurationName = Release;
		};
		080EDF0821B6DA7E00813479 /* Build configuration list for PBXNativeTarget "EssentialFeedTests" */ = {
			isa = XCConfigurationList;
			buildConfigurations = (
				080EDF0921B6DA7E00813479 /* Debug */,
				080EDF0A21B6DA7E00813479 /* Release */,
			);
			defaultConfigurationIsVisible = 0;
			defaultConfigurationName = Release;
		};
		08993966220359C50031B03D /* Build configuration list for PBXNativeTarget "EssentialFeedAPIEndToEndTests" */ = {
			isa = XCConfigurationList;
			buildConfigurations = (
				08993964220359C50031B03D /* Debug */,
				08993965220359C50031B03D /* Release */,
			);
			defaultConfigurationIsVisible = 0;
			defaultConfigurationName = Release;
		};
		18176D372E954D61000E2E7A /* Build configuration list for PBXNativeTarget "EssentialFeedCacheIntegrationTests" */ = {
			isa = XCConfigurationList;
			buildConfigurations = (
				18176D352E954D61000E2E7A /* Debug */,
				18176D362E954D61000E2E7A /* Release */,
			);
			defaultConfigurationIsVisible = 0;
			defaultConfigurationName = Release;
		};
		18D5DD262EA28F5500F0D19D /* Build configuration list for PBXNativeTarget "EssentialFeediOS" */ = {
			isa = XCConfigurationList;
			buildConfigurations = (
				18D5DD272EA28F5500F0D19D /* Debug */,
				18D5DD282EA28F5500F0D19D /* Release */,
			);
			defaultConfigurationIsVisible = 0;
			defaultConfigurationName = Release;
		};
		18D5DD292EA28F5500F0D19D /* Build configuration list for PBXNativeTarget "EssentialFeediOSTests" */ = {
			isa = XCConfigurationList;
			buildConfigurations = (
				18D5DD2A2EA28F5500F0D19D /* Debug */,
				18D5DD2B2EA28F5500F0D19D /* Release */,
			);
			defaultConfigurationIsVisible = 0;
			defaultConfigurationName = Release;
		};
/* End XCConfigurationList section */

/* Begin XCVersionGroup section */
		18FEF15B2E93FD670013046E /* FeedStore.xcdatamodeld */ = {
			isa = XCVersionGroup;
			children = (
				18FEF15C2E93FD670013046E /* FeedStore.xcdatamodel */,
			);
			currentVersion = 18FEF15C2E93FD670013046E /* FeedStore.xcdatamodel */;
			name = FeedStore.xcdatamodeld;
			path = ../../FeedStore.xcdatamodeld;
			sourceTree = "<group>";
			versionGroupType = wrapper.xcdatamodel;
		};
/* End XCVersionGroup section */
	};
	rootObject = 080EDEE821B6DA7E00813479 /* Project object */;
}
